
Microsoft Visual Studio Solution File, Format Version 12.00
# Visual Studio 15
VisualStudioVersion = 15.0.28010.2019
MinimumVisualStudioVersion = 10.0.40219.1
Project("{9A19103F-16F7-4668-BE54-9A1E7A4F7556}") = "thZero.NetCore.Library.Data.Repository.CircuitBreaker.Steeltoe", "thZero.NetCore.Library.Data.Repository.CircuitBreaker.Steeltoe.csproj", "{37109590-218D-439C-AB6A-60D67BEF475D}"
EndProject
Global
	GlobalSection(SolutionConfigurationPlatforms) = preSolution
		Debug|Any CPU = Debug|Any CPU
		Release|Any CPU = Release|Any CPU
	EndGlobalSection
	GlobalSection(ProjectConfigurationPlatforms) = postSolution
		{37109590-218D-439C-AB6A-60D67BEF475D}.Debug|Any CPU.ActiveCfg = Debug|Any CPU
		{37109590-218D-439C-AB6A-60D67BEF475D}.Debug|Any CPU.Build.0 = Debug|Any CPU
		{37109590-218D-439C-AB6A-60D67BEF475D}.Release|Any CPU.ActiveCfg = Release|Any CPU
		{37109590-218D-439C-AB6A-60D67BEF475D}.Release|Any CPU.Build.0 = Release|Any CPU
	EndGlobalSection
	GlobalSection(SolutionProperties) = preSolution
		HideSolutionNode = FALSE
	EndGlobalSection
	GlobalSection(ExtensibilityGlobals) = postSolution
		SolutionGuid = {EE255264-1373-47A7-904D-0390DEEB384D}
	EndGlobalSection
EndGlobal
